
Microsoft Visual Studio Solution File, Format Version 12.00
# Visual Studio Version 16
VisualStudioVersion = 16.0.30517.126
MinimumVisualStudioVersion = 10.0.40219.1
Project("{FAE04EC0-301F-11D3-BF4B-00C04F79EFBC}") = "PRN292_SystemSaleLaptop_Group4", "PRN292_SystemSaleLaptop_Group4\PRN292_SystemSaleLaptop_Group4.csproj", "{B49A3BF5-9BB1-47FE-9729-BA6530F755D5}"
EndProject
Global
	GlobalSection(SolutionConfigurationPlatforms) = preSolution
		Debug|Any CPU = Debug|Any CPU
		Release|Any CPU = Release|Any CPU
	EndGlobalSection
	GlobalSection(ProjectConfigurationPlatforms) = postSolution
		{B49A3BF5-9BB1-47FE-9729-BA6530F755D5}.Debug|Any CPU.ActiveCfg = Debug|Any CPU
		{B49A3BF5-9BB1-47FE-9729-BA6530F755D5}.Debug|Any CPU.Build.0 = Debug|Any CPU
		{B49A3BF5-9BB1-47FE-9729-BA6530F755D5}.Release|Any CPU.ActiveCfg = Release|Any CPU
		{B49A3BF5-9BB1-47FE-9729-BA6530F755D5}.Release|Any CPU.Build.0 = Release|Any CPU
	EndGlobalSection
	GlobalSection(SolutionProperties) = preSolution
		HideSolutionNode = FALSE
	EndGlobalSection
	GlobalSection(ExtensibilityGlobals) = postSolution
		SolutionGuid = {E8FC946F-3DD3-4C8E-91BC-C8DD5EDFA0A0}
	EndGlobalSection
EndGlobal
