
Microsoft Visual Studio Solution File, Format Version 12.00
# Visual Studio Version 16
VisualStudioVersion = 16.0.30517.126
MinimumVisualStudioVersion = 10.0.40219.1
Project("{FAE04EC0-301F-11D3-BF4B-00C04F79EFBC}") = "PRN292_LapTopSaleSystemWF_Group4", "PRN292_LapTopSaleSystemWF_Group4\PRN292_LapTopSaleSystemWF_Group4.csproj", "{23BCB9EE-7394-4C69-9378-C0824E1E8E7A}"
EndProject
Global
	GlobalSection(SolutionConfigurationPlatforms) = preSolution
		Debug|Any CPU = Debug|Any CPU
		Release|Any CPU = Release|Any CPU
	EndGlobalSection
	GlobalSection(ProjectConfigurationPlatforms) = postSolution
		{23BCB9EE-7394-4C69-9378-C0824E1E8E7A}.Debug|Any CPU.ActiveCfg = Debug|Any CPU
		{23BCB9EE-7394-4C69-9378-C0824E1E8E7A}.Debug|Any CPU.Build.0 = Debug|Any CPU
		{23BCB9EE-7394-4C69-9378-C0824E1E8E7A}.Release|Any CPU.ActiveCfg = Release|Any CPU
		{23BCB9EE-7394-4C69-9378-C0824E1E8E7A}.Release|Any CPU.Build.0 = Release|Any CPU
	EndGlobalSection
	GlobalSection(SolutionProperties) = preSolution
		HideSolutionNode = FALSE
	EndGlobalSection
	GlobalSection(ExtensibilityGlobals) = postSolution
		SolutionGuid = {2046F923-9C9F-4B4D-ACB8-EBB743CFE029}
	EndGlobalSection
EndGlobal
